// !$*UTF8*$!
{
	archiveVersion = 1;
	classes = {
	};
	objectVersion = 55;
	objects = {

/* Begin PBXBuildFile section */
		979F2B3E2858FD3C000963F8 /* SwiftUIPropertyWrapperTalkApp.swift in Sources */ = {isa = PBXBuildFile; fileRef = 979F2B3D2858FD3C000963F8 /* SwiftUIPropertyWrapperTalkApp.swift */; };
		979F2B402858FD3C000963F8 /* ContentView.swift in Sources */ = {isa = PBXBuildFile; fileRef = 979F2B3F2858FD3C000963F8 /* ContentView.swift */; };
		979F2B422858FD3D000963F8 /* Assets.xcassets in Resources */ = {isa = PBXBuildFile; fileRef = 979F2B412858FD3D000963F8 /* Assets.xcassets */; };
		979F2B452858FD3D000963F8 /* Preview Assets.xcassets in Resources */ = {isa = PBXBuildFile; fileRef = 979F2B442858FD3D000963F8 /* Preview Assets.xcassets */; };
		979F2B4C285903CA000963F8 /* StringSample.swift in Sources */ = {isa = PBXBuildFile; fileRef = 979F2B4B285903CA000963F8 /* StringSample.swift */; };
		979F2B4E2859066E000963F8 /* RemoteData.swift in Sources */ = {isa = PBXBuildFile; fileRef = 979F2B4D2859066E000963F8 /* RemoteData.swift */; };
		979F2B5028590A53000963F8 /* Post.swift in Sources */ = {isa = PBXBuildFile; fileRef = 979F2B4F28590A53000963F8 /* Post.swift */; };
		979F2B58285A16A3000963F8 /* SwiftUIPropertyWrapperTalkTests.swift in Sources */ = {isa = PBXBuildFile; fileRef = 979F2B57285A16A3000963F8 /* SwiftUIPropertyWrapperTalkTests.swift */; };
/* End PBXBuildFile section */

/* Begin PBXContainerItemProxy section */
		979F2B59285A16A3000963F8 /* PBXContainerItemProxy */ = {
			isa = PBXContainerItemProxy;
			containerPortal = 979F2B322858FD3C000963F8 /* Project object */;
			proxyType = 1;
			remoteGlobalIDString = 979F2B392858FD3C000963F8;
			remoteInfo = SwiftUIPropertyWrapperTalk;
		};
/* End PBXContainerItemProxy section */

/* Begin PBXFileReference section */
		979F2B3A2858FD3C000963F8 /* SwiftUIPropertyWrapperTalk.app */ = {isa = PBXFileReference; explicitFileType = wrapper.application; includeInIndex = 0; path = SwiftUIPropertyWrapperTalk.app; sourceTree = BUILT_PRODUCTS_DIR; };
		979F2B3D2858FD3C000963F8 /* SwiftUIPropertyWrapperTalkApp.swift */ = {isa = PBXFileReference; lastKnownFileType = sourcecode.swift; path = SwiftUIPropertyWrapperTalkApp.swift; sourceTree = "<group>"; };
		979F2B3F2858FD3C000963F8 /* ContentView.swift */ = {isa = PBXFileReference; lastKnownFileType = sourcecode.swift; path = ContentView.swift; sourceTree = "<group>"; };
		979F2B412858FD3D000963F8 /* Assets.xcassets */ = {isa = PBXFileReference; lastKnownFileType = folder.assetcatalog; path = Assets.xcassets; sourceTree = "<group>"; };
		979F2B442858FD3D000963F8 /* Preview Assets.xcassets */ = {isa = PBXFileReference; lastKnownFileType = folder.assetcatalog; path = "Preview Assets.xcassets"; sourceTree = "<group>"; };
		979F2B4B285903CA000963F8 /* StringSample.swift */ = {isa = PBXFileReference; lastKnownFileType = sourcecode.swift; path = StringSample.swift; sourceTree = "<group>"; };
		979F2B4D2859066E000963F8 /* RemoteData.swift */ = {isa = PBXFileReference; lastKnownFileType = sourcecode.swift; path = RemoteData.swift; sourceTree = "<group>"; };
		979F2B4F28590A53000963F8 /* Post.swift */ = {isa = PBXFileReference; lastKnownFileType = sourcecode.swift; path = Post.swift; sourceTree = "<group>"; };
		979F2B55285A16A3000963F8 /* SwiftUIPropertyWrapperTalkTests.xctest */ = {isa = PBXFileReference; explicitFileType = wrapper.cfbundle; includeInIndex = 0; path = SwiftUIPropertyWrapperTalkTests.xctest; sourceTree = BUILT_PRODUCTS_DIR; };
		979F2B57285A16A3000963F8 /* SwiftUIPropertyWrapperTalkTests.swift */ = {isa = PBXFileReference; lastKnownFileType = sourcecode.swift; path = SwiftUIPropertyWrapperTalkTests.swift; sourceTree = "<group>"; };
/* End PBXFileReference section */

/* Begin PBXFrameworksBuildPhase section */
		979F2B372858FD3C000963F8 /* Frameworks */ = {
			isa = PBXFrameworksBuildPhase;
			buildActionMask = 2147483647;
			files = (
			);
			runOnlyForDeploymentPostprocessing = 0;
		};
		979F2B52285A16A3000963F8 /* Frameworks */ = {
			isa = PBXFrameworksBuildPhase;
			buildActionMask = 2147483647;
			files = (
			);
			runOnlyForDeploymentPostprocessing = 0;
		};
/* End PBXFrameworksBuildPhase section */

/* Begin PBXGroup section */
		979F2B312858FD3C000963F8 = {
			isa = PBXGroup;
			children = (
				979F2B3C2858FD3C000963F8 /* SwiftUIPropertyWrapperTalk */,
				979F2B56285A16A3000963F8 /* SwiftUIPropertyWrapperTalkTests */,
				979F2B3B2858FD3C000963F8 /* Products */,
			);
			sourceTree = "<group>";
		};
		979F2B3B2858FD3C000963F8 /* Products */ = {
			isa = PBXGroup;
			children = (
				979F2B3A2858FD3C000963F8 /* SwiftUIPropertyWrapperTalk.app */,
				979F2B55285A16A3000963F8 /* SwiftUIPropertyWrapperTalkTests.xctest */,
			);
			name = Products;
			sourceTree = "<group>";
		};
		979F2B3C2858FD3C000963F8 /* SwiftUIPropertyWrapperTalk */ = {
			isa = PBXGroup;
			children = (
				979F2B3D2858FD3C000963F8 /* SwiftUIPropertyWrapperTalkApp.swift */,
				979F2B4D2859066E000963F8 /* RemoteData.swift */,
				979F2B3F2858FD3C000963F8 /* ContentView.swift */,
				979F2B412858FD3D000963F8 /* Assets.xcassets */,
				979F2B432858FD3D000963F8 /* Preview Content */,
				979F2B4B285903CA000963F8 /* StringSample.swift */,
				979F2B4F28590A53000963F8 /* Post.swift */,
			);
			path = SwiftUIPropertyWrapperTalk;
			sourceTree = "<group>";
		};
		979F2B432858FD3D000963F8 /* Preview Content */ = {
			isa = PBXGroup;
			children = (
				979F2B442858FD3D000963F8 /* Preview Assets.xcassets */,
			);
			path = "Preview Content";
			sourceTree = "<group>";
		};
		979F2B56285A16A3000963F8 /* SwiftUIPropertyWrapperTalkTests */ = {
			isa = PBXGroup;
			children = (
				979F2B57285A16A3000963F8 /* SwiftUIPropertyWrapperTalkTests.swift */,
			);
			path = SwiftUIPropertyWrapperTalkTests;
			sourceTree = "<group>";
		};
/* End PBXGroup section */

/* Begin PBXNativeTarget section */
		979F2B392858FD3C000963F8 /* SwiftUIPropertyWrapperTalk */ = {
			isa = PBXNativeTarget;
			buildConfigurationList = 979F2B482858FD3D000963F8 /* Build configuration list for PBXNativeTarget "SwiftUIPropertyWrapperTalk" */;
			buildPhases = (
				979F2B362858FD3C000963F8 /* Sources */,
				979F2B372858FD3C000963F8 /* Frameworks */,
				979F2B382858FD3C000963F8 /* Resources */,
			);
			buildRules = (
			);
			dependencies = (
			);
			name = SwiftUIPropertyWrapperTalk;
			productName = SwiftUIPropertyWrapperTalk;
			productReference = 979F2B3A2858FD3C000963F8 /* SwiftUIPropertyWrapperTalk.app */;
			productType = "com.apple.product-type.application";
		};
		979F2B54285A16A3000963F8 /* SwiftUIPropertyWrapperTalkTests */ = {
			isa = PBXNativeTarget;
			buildConfigurationList = 979F2B5B285A16A3000963F8 /* Build configuration list for PBXNativeTarget "SwiftUIPropertyWrapperTalkTests" */;
			buildPhases = (
				979F2B51285A16A3000963F8 /* Sources */,
				979F2B52285A16A3000963F8 /* Frameworks */,
				979F2B53285A16A3000963F8 /* Resources */,
			);
			buildRules = (
			);
			dependencies = (
				979F2B5A285A16A3000963F8 /* PBXTargetDependency */,
			);
			name = SwiftUIPropertyWrapperTalkTests;
			productName = SwiftUIPropertyWrapperTalkTests;
			productReference = 979F2B55285A16A3000963F8 /* SwiftUIPropertyWrapperTalkTests.xctest */;
			productType = "com.apple.product-type.bundle.unit-test";
		};
/* End PBXNativeTarget section */

/* Begin PBXProject section */
		979F2B322858FD3C000963F8 /* Project object */ = {
			isa = PBXProject;
			attributes = {
				BuildIndependentTargetsInParallel = 1;
				LastSwiftUpdateCheck = 1340;
				LastUpgradeCheck = 1340;
				TargetAttributes = {
					979F2B392858FD3C000963F8 = {
						CreatedOnToolsVersion = 13.4;
					};
					979F2B54285A16A3000963F8 = {
						CreatedOnToolsVersion = 13.4;
						TestTargetID = 979F2B392858FD3C000963F8;
					};
				};
			};
			buildConfigurationList = 979F2B352858FD3C000963F8 /* Build configuration list for PBXProject "SwiftUIPropertyWrapperTalk" */;
			compatibilityVersion = "Xcode 13.0";
			developmentRegion = en;
			hasScannedForEncodings = 0;
			knownRegions = (
				en,
				Base,
			);
			mainGroup = 979F2B312858FD3C000963F8;
			productRefGroup = 979F2B3B2858FD3C000963F8 /* Products */;
			projectDirPath = "";
			projectRoot = "";
			targets = (
				979F2B392858FD3C000963F8 /* SwiftUIPropertyWrapperTalk */,
				979F2B54285A16A3000963F8 /* SwiftUIPropertyWrapperTalkTests */,
			);
		};
/* End PBXProject section */

/* Begin PBXResourcesBuildPhase section */
		979F2B382858FD3C000963F8 /* Resources */ = {
			isa = PBXResourcesBuildPhase;
			buildActionMask = 2147483647;
			files = (
				979F2B452858FD3D000963F8 /* Preview Assets.xcassets in Resources */,
				979F2B422858FD3D000963F8 /* Assets.xcassets in Resources */,
			);
			runOnlyForDeploymentPostprocessing = 0;
		};
		979F2B53285A16A3000963F8 /* Resources */ = {
			isa = PBXResourcesBuildPhase;
			buildActionMask = 2147483647;
			files = (
			);
			runOnlyForDeploymentPostprocessing = 0;
		};
/* End PBXResourcesBuildPhase section */

/* Begin PBXSourcesBuildPhase section */
		979F2B362858FD3C000963F8 /* Sources */ = {
			isa = PBXSourcesBuildPhase;
			buildActionMask = 2147483647;
			files = (
				979F2B402858FD3C000963F8 /* ContentView.swift in Sources */,
				979F2B4E2859066E000963F8 /* RemoteData.swift in Sources */,
				979F2B4C285903CA000963F8 /* StringSample.swift in Sources */,
				979F2B3E2858FD3C000963F8 /* SwiftUIPropertyWrapperTalkApp.swift in Sources */,
				979F2B5028590A53000963F8 /* Post.swift in Sources */,
			);
			runOnlyForDeploymentPostprocessing = 0;
		};
		979F2B51285A16A3000963F8 /* Sources */ = {
			isa = PBXSourcesBuildPhase;
			buildActionMask = 2147483647;
			files = (
				979F2B58285A16A3000963F8 /* SwiftUIPropertyWrapperTalkTests.swift in Sources */,
			);
			runOnlyForDeploymentPostprocessing = 0;
		};
/* End PBXSourcesBuildPhase section */

/* Begin PBXTargetDependency section */
		979F2B5A285A16A3000963F8 /* PBXTargetDependency */ = {
			isa = PBXTargetDependency;
			target = 979F2B392858FD3C000963F8 /* SwiftUIPropertyWrapperTalk */;
			targetProxy = 979F2B59285A16A3000963F8 /* PBXContainerItemProxy */;
		};
/* End PBXTargetDependency section */

/* Begin XCBuildConfiguration section */
		979F2B462858FD3D000963F8 /* Debug */ = {
			isa = XCBuildConfiguration;
			buildSettings = {
				ALWAYS_SEARCH_USER_PATHS = NO;
				CLANG_ANALYZER_NONNULL = YES;
				CLANG_ANALYZER_NUMBER_OBJECT_CONVERSION = YES_AGGRESSIVE;
				CLANG_CXX_LANGUAGE_STANDARD = "gnu++17";
				CLANG_ENABLE_MODULES = YES;
				CLANG_ENABLE_OBJC_ARC = YES;
				CLANG_ENABLE_OBJC_WEAK = YES;
				CLANG_WARN_BLOCK_CAPTURE_AUTORELEASING = YES;
				CLANG_WARN_BOOL_CONVERSION = YES;
				CLANG_WARN_COMMA = YES;
				CLANG_WARN_CONSTANT_CONVERSION = YES;
				CLANG_WARN_DEPRECATED_OBJC_IMPLEMENTATIONS = YES;
				CLANG_WARN_DIRECT_OBJC_ISA_USAGE = YES_ERROR;
				CLANG_WARN_DOCUMENTATION_COMMENTS = YES;
				CLANG_WARN_EMPTY_BODY = YES;
				CLANG_WARN_ENUM_CONVERSION = YES;
				CLANG_WARN_INFINITE_RECURSION = YES;
				CLANG_WARN_INT_CONVERSION = YES;
				CLANG_WARN_NON_LITERAL_NULL_CONVERSION = YES;
				CLANG_WARN_OBJC_IMPLICIT_RETAIN_SELF = YES;
				CLANG_WARN_OBJC_LITERAL_CONVERSION = YES;
				CLANG_WARN_OBJC_ROOT_CLASS = YES_ERROR;
				CLANG_WARN_QUOTED_INCLUDE_IN_FRAMEWORK_HEADER = YES;
				CLANG_WARN_RANGE_LOOP_ANALYSIS = YES;
				CLANG_WARN_STRICT_PROTOTYPES = YES;
				CLANG_WARN_SUSPICIOUS_MOVE = YES;
				CLANG_WARN_UNGUARDED_AVAILABILITY = YES_AGGRESSIVE;
				CLANG_WARN_UNREACHABLE_CODE = YES;
				CLANG_WARN__DUPLICATE_METHOD_MATCH = YES;
				COPY_PHASE_STRIP = NO;
				DEBUG_INFORMATION_FORMAT = dwarf;
				ENABLE_STRICT_OBJC_MSGSEND = YES;
				ENABLE_TESTABILITY = YES;
				GCC_C_LANGUAGE_STANDARD = gnu11;
				GCC_DYNAMIC_NO_PIC = NO;
				GCC_NO_COMMON_BLOCKS = YES;
				GCC_OPTIMIZATION_LEVEL = 0;
				GCC_PREPROCESSOR_DEFINITIONS = (
					"DEBUG=1",
					"$(inherited)",
				);
				GCC_WARN_64_TO_32_BIT_CONVERSION = YES;
				GCC_WARN_ABOUT_RETURN_TYPE = YES_ERROR;
				GCC_WARN_UNDECLARED_SELECTOR = YES;
				GCC_WARN_UNINITIALIZED_AUTOS = YES_AGGRESSIVE;
				GCC_WARN_UNUSED_FUNCTION = YES;
				GCC_WARN_UNUSED_VARIABLE = YES;
				IPHONEOS_DEPLOYMENT_TARGET = 15.5;
				MTL_ENABLE_DEBUG_INFO = INCLUDE_SOURCE;
				MTL_FAST_MATH = YES;
				ONLY_ACTIVE_ARCH = YES;
				SDKROOT = iphoneos;
				SWIFT_ACTIVE_COMPILATION_CONDITIONS = DEBUG;
				SWIFT_OPTIMIZATION_LEVEL = "-Onone";
			};
			name = Debug;
		};
		979F2B472858FD3D000963F8 /* Release */ = {
			isa = XCBuildConfiguration;
			buildSettings = {
				ALWAYS_SEARCH_USER_PATHS = NO;
				CLANG_ANALYZER_NONNULL = YES;
				CLANG_ANALYZER_NUMBER_OBJECT_CONVERSION = YES_AGGRESSIVE;
				CLANG_CXX_LANGUAGE_STANDARD = "gnu++17";
				CLANG_ENABLE_MODULES = YES;
				CLANG_ENABLE_OBJC_ARC = YES;
				CLANG_ENABLE_OBJC_WEAK = YES;
				CLANG_WARN_BLOCK_CAPTURE_AUTORELEASING = YES;
				CLANG_WARN_BOOL_CONVERSION = YES;
				CLANG_WARN_COMMA = YES;
				CLANG_WARN_CONSTANT_CONVERSION = YES;
				CLANG_WARN_DEPRECATED_OBJC_IMPLEMENTATIONS = YES;
				CLANG_WARN_DIRECT_OBJC_ISA_USAGE = YES_ERROR;
				CLANG_WARN_DOCUMENTATION_COMMENTS = YES;
				CLANG_WARN_EMPTY_BODY = YES;
				CLANG_WARN_ENUM_CONVERSION = YES;
				CLANG_WARN_INFINITE_RECURSION = YES;
				CLANG_WARN_INT_CONVERSION = YES;
				CLANG_WARN_NON_LITERAL_NULL_CONVERSION = YES;
				CLANG_WARN_OBJC_IMPLICIT_RETAIN_SELF = YES;
				CLANG_WARN_OBJC_LITERAL_CONVERSION = YES;
				CLANG_WARN_OBJC_ROOT_CLASS = YES_ERROR;
				CLANG_WARN_QUOTED_INCLUDE_IN_FRAMEWORK_HEADER = YES;
				CLANG_WARN_RANGE_LOOP_ANALYSIS = YES;
				CLANG_WARN_STRICT_PROTOTYPES = YES;
				CLANG_WARN_SUSPICIOUS_MOVE = YES;
				CLANG_WARN_UNGUARDED_AVAILABILITY = YES_AGGRESSIVE;
				CLANG_WARN_UNREACHABLE_CODE = YES;
				CLANG_WARN__DUPLICATE_METHOD_MATCH = YES;
				COPY_PHASE_STRIP = NO;
				DEBUG_INFORMATION_FORMAT = "dwarf-with-dsym";
				ENABLE_NS_ASSERTIONS = NO;
				ENABLE_STRICT_OBJC_MSGSEND = YES;
				GCC_C_LANGUAGE_STANDARD = gnu11;
				GCC_NO_COMMON_BLOCKS = YES;
				GCC_WARN_64_TO_32_BIT_CONVERSION = YES;
				GCC_WARN_ABOUT_RETURN_TYPE = YES_ERROR;
				GCC_WARN_UNDECLARED_SELECTOR = YES;
				GCC_WARN_UNINITIALIZED_AUTOS = YES_AGGRESSIVE;
				GCC_WARN_UNUSED_FUNCTION = YES;
				GCC_WARN_UNUSED_VARIABLE = YES;
				IPHONEOS_DEPLOYMENT_TARGET = 15.5;
				MTL_ENABLE_DEBUG_INFO = NO;
				MTL_FAST_MATH = YES;
				SDKROOT = iphoneos;
				SWIFT_COMPILATION_MODE = wholemodule;
				SWIFT_OPTIMIZATION_LEVEL = "-O";
				VALIDATE_PRODUCT = YES;
			};
			name = Release;
		};
		979F2B492858FD3D000963F8 /* Debug */ = {
			isa = XCBuildConfiguration;
			buildSettings = {
				ASSETCATALOG_COMPILER_APPICON_NAME = AppIcon;
				ASSETCATALOG_COMPILER_GLOBAL_ACCENT_COLOR_NAME = AccentColor;
				CODE_SIGN_STYLE = Automatic;
				CURRENT_PROJECT_VERSION = 1;
				DEVELOPMENT_ASSET_PATHS = "\"SwiftUIPropertyWrapperTalk/Preview Content\"";
				DEVELOPMENT_TEAM = 4JMM8JMG3H;
				ENABLE_PREVIEWS = YES;
				GENERATE_INFOPLIST_FILE = YES;
				INFOPLIST_KEY_UIApplicationSceneManifest_Generation = YES;
				INFOPLIST_KEY_UIApplicationSupportsIndirectInputEvents = YES;
				INFOPLIST_KEY_UILaunchScreen_Generation = YES;
				INFOPLIST_KEY_UISupportedInterfaceOrientations_iPad = "UIInterfaceOrientationPortrait UIInterfaceOrientationPortraitUpsideDown UIInterfaceOrientationLandscapeLeft UIInterfaceOrientationLandscapeRight";
				INFOPLIST_KEY_UISupportedInterfaceOrientations_iPhone = "UIInterfaceOrientationPortrait UIInterfaceOrientationLandscapeLeft UIInterfaceOrientationLandscapeRight";
				LD_RUNPATH_SEARCH_PATHS = (
					"$(inherited)",
					"@executable_path/Frameworks",
				);
				MARKETING_VERSION = 1.0;
				PRODUCT_BUNDLE_IDENTIFIER = com.donnywals.SwiftUIPropertyWrapperTalk;
				PRODUCT_NAME = "$(TARGET_NAME)";
				SWIFT_EMIT_LOC_STRINGS = YES;
				SWIFT_VERSION = 5.0;
				TARGETED_DEVICE_FAMILY = "1,2";
			};
			name = Debug;
		};
		979F2B4A2858FD3D000963F8 /* Release */ = {
			isa = XCBuildConfiguration;
			buildSettings = {
				ASSETCATALOG_COMPILER_APPICON_NAME = AppIcon;
				ASSETCATALOG_COMPILER_GLOBAL_ACCENT_COLOR_NAME = AccentColor;
				CODE_SIGN_STYLE = Automatic;
				CURRENT_PROJECT_VERSION = 1;
				DEVELOPMENT_ASSET_PATHS = "\"SwiftUIPropertyWrapperTalk/Preview Content\"";
				DEVELOPMENT_TEAM = 4JMM8JMG3H;
				ENABLE_PREVIEWS = YES;
				GENERATE_INFOPLIST_FILE = YES;
				INFOPLIST_KEY_UIApplicationSceneManifest_Generation = YES;
				INFOPLIST_KEY_UIApplicationSupportsIndirectInputEvents = YES;
				INFOPLIST_KEY_UILaunchScreen_Generation = YES;
				INFOPLIST_KEY_UISupportedInterfaceOrientations_iPad = "UIInterfaceOrientationPortrait UIInterfaceOrientationPortraitUpsideDown UIInterfaceOrientationLandscapeLeft UIInterfaceOrientationLandscapeRight";
				INFOPLIST_KEY_UISupportedInterfaceOrientations_iPhone = "UIInterfaceOrientationPortrait UIInterfaceOrientationLandscapeLeft UIInterfaceOrientationLandscapeRight";
				LD_RUNPATH_SEARCH_PATHS = (
					"$(inherited)",
					"@executable_path/Frameworks",
				);
				MARKETING_VERSION = 1.0;
				PRODUCT_BUNDLE_IDENTIFIER = com.donnywals.SwiftUIPropertyWrapperTalk;
				PRODUCT_NAME = "$(TARGET_NAME)";
				SWIFT_EMIT_LOC_STRINGS = YES;
				SWIFT_VERSION = 5.0;
				TARGETED_DEVICE_FAMILY = "1,2";
			};
			name = Release;
		};
		979F2B5C285A16A3000963F8 /* Debug */ = {
			isa = XCBuildConfiguration;
			buildSettings = {
				BUNDLE_LOADER = "$(TEST_HOST)";
				CODE_SIGN_STYLE = Automatic;
				CURRENT_PROJECT_VERSION = 1;
				DEVELOPMENT_TEAM = 4JMM8JMG3H;
				GENERATE_INFOPLIST_FILE = YES;
				MARKETING_VERSION = 1.0;
				PRODUCT_BUNDLE_IDENTIFIER = com.donnywals.SwiftUIPropertyWrapperTalkTests;
				PRODUCT_NAME = "$(TARGET_NAME)";
				SWIFT_EMIT_LOC_STRINGS = NO;
				SWIFT_VERSION = 5.0;
				TARGETED_DEVICE_FAMILY = "1,2";
				TEST_HOST = "$(BUILT_PRODUCTS_DIR)/SwiftUIPropertyWrapperTalk.app/SwiftUIPropertyWrapperTalk";
			};
			name = Debug;
		};
		979F2B5D285A16A3000963F8 /* Release */ = {
			isa = XCBuildConfiguration;
			buildSettings = {
				BUNDLE_LOADER = "$(TEST_HOST)";
				CODE_SIGN_STYLE = Automatic;
				CURRENT_PROJECT_VERSION = 1;
				DEVELOPMENT_TEAM = 4JMM8JMG3H;
				GENERATE_INFOPLIST_FILE = YES;
				MARKETING_VERSION = 1.0;
				PRODUCT_BUNDLE_IDENTIFIER = com.donnywals.SwiftUIPropertyWrapperTalkTests;
				PRODUCT_NAME = "$(TARGET_NAME)";
				SWIFT_EMIT_LOC_STRINGS = NO;
				SWIFT_VERSION = 5.0;
				TARGETED_DEVICE_FAMILY = "1,2";
				TEST_HOST = "$(BUILT_PRODUCTS_DIR)/SwiftUIPropertyWrapperTalk.app/SwiftUIPropertyWrapperTalk";
			};
			name = Release;
		};
/* End XCBuildConfiguration section */

/* Begin XCConfigurationList section */
		979F2B352858FD3C000963F8 /* Build configuration list for PBXProject "SwiftUIPropertyWrapperTalk" */ = {
			isa = XCConfigurationList;
			buildConfigurations = (
				979F2B462858FD3D000963F8 /* Debug */,
				979F2B472858FD3D000963F8 /* Release */,
			);
			defaultConfigurationIsVisible = 0;
			defaultConfigurationName = Release;
		};
		979F2B482858FD3D000963F8 /* Build configuration list for PBXNativeTarget "SwiftUIPropertyWrapperTalk" */ = {
			isa = XCConfigurationList;
			buildConfigurations = (
				979F2B492858FD3D000963F8 /* Debug */,
				979F2B4A2858FD3D000963F8 /* Release */,
			);
			defaultConfigurationIsVisible = 0;
			defaultConfigurationName = Release;
		};
		979F2B5B285A16A3000963F8 /* Build configuration list for PBXNativeTarget "SwiftUIPropertyWrapperTalkTests" */ = {
			isa = XCConfigurationList;
			buildConfigurations = (
				979F2B5C285A16A3000963F8 /* Debug */,
				979F2B5D285A16A3000963F8 /* Release */,
			);
			defaultConfigurationIsVisible = 0;
			defaultConfigurationName = Release;
		};
/* End XCConfigurationList section */
	};
	rootObject = 979F2B322858FD3C000963F8 /* Project object */;
}
